{
  "nodes": {
    "nixpkgs": {
      "locked": {
        "lastModified": 1641606272,
        "narHash": "sha256-sv2PF39XyrmkzGsedXEAq+Sd9fa63eeLB4VtiEVZpz0=",
        "owner": "NixOS",
        "repo": "nixpkgs",
        "rev": "b4ee6e0b5dbc68aa5eb81ba50babb1c4b7eab5a7",
        "type": "github"
      },
      "original": {
        "owner": "NixOS",
        "repo": "nixpkgs",
        "type": "github"
      }
    },
    "root": {
      "inputs": {
        "nixpkgs": "nixpkgs"
      }
    }
  },
  "root": "root",
  "version": 7
}
